// !$*UTF8*$!
{
	archiveVersion = 1;
	classes = {
	};
	objectVersion = 50;
	objects = {

/* Begin PBXBuildFile section */
		9B02252D2384587700694AAF /* Users.swift in Sources */ = {isa = PBXBuildFile; fileRef = 9B02252C2384587700694AAF /* Users.swift */; };
		9B56B65E238323F7002AED67 /* AppDelegate.swift in Sources */ = {isa = PBXBuildFile; fileRef = 9B56B65D238323F7002AED67 /* AppDelegate.swift */; };
		9B56B660238323F7002AED67 /* SceneDelegate.swift in Sources */ = {isa = PBXBuildFile; fileRef = 9B56B65F238323F7002AED67 /* SceneDelegate.swift */; };
		9B56B662238323F7002AED67 /* ViewController.swift in Sources */ = {isa = PBXBuildFile; fileRef = 9B56B661238323F7002AED67 /* ViewController.swift */; };
		9B56B665238323F7002AED67 /* Main.storyboard in Resources */ = {isa = PBXBuildFile; fileRef = 9B56B663238323F7002AED67 /* Main.storyboard */; };
		9B56B667238323F7002AED67 /* Assets.xcassets in Resources */ = {isa = PBXBuildFile; fileRef = 9B56B666238323F7002AED67 /* Assets.xcassets */; };
		9B56B66A238323F7002AED67 /* LaunchScreen.storyboard in Resources */ = {isa = PBXBuildFile; fileRef = 9B56B668238323F7002AED67 /* LaunchScreen.storyboard */; };
		9B56B67223832875002AED67 /* background.jpg in Resources */ = {isa = PBXBuildFile; fileRef = 9B56B67123832875002AED67 /* background.jpg */; };
		9B56B67623832F8B002AED67 /* logo.jpg in Resources */ = {isa = PBXBuildFile; fileRef = 9B56B67523832F8A002AED67 /* logo.jpg */; };
		9B88DC4623834CB000B34B3E /* RegisterViewController.swift in Sources */ = {isa = PBXBuildFile; fileRef = 9B88DC4523834CB000B34B3E /* RegisterViewController.swift */; };
		9B9E86D5238597C100102C3B /* PictureViewController.swift in Sources */ = {isa = PBXBuildFile; fileRef = 9B9E86D4238597C100102C3B /* PictureViewController.swift */; };
		9B9E86DB2385A62000102C3B /* Picture.swift in Sources */ = {isa = PBXBuildFile; fileRef = 9B9E86DA2385A62000102C3B /* Picture.swift */; };
		9B9E86EE2385B6B000102C3B /* ST2.jpg in Resources */ = {isa = PBXBuildFile; fileRef = 9B9E86DD2385B6AE00102C3B /* ST2.jpg */; };
		9B9E86EF2385B6B000102C3B /* D3.jpg in Resources */ = {isa = PBXBuildFile; fileRef = 9B9E86DE2385B6AE00102C3B /* D3.jpg */; };
		9B9E86F02385B6B000102C3B /* S1.jpeg in Resources */ = {isa = PBXBuildFile; fileRef = 9B9E86DF2385B6AE00102C3B /* S1.jpeg */; };
		9B9E86F12385B6B000102C3B /* tick.png in Resources */ = {isa = PBXBuildFile; fileRef = 9B9E86E02385B6AE00102C3B /* tick.png */; };
		9B9E86F22385B6B000102C3B /* S2.jpg in Resources */ = {isa = PBXBuildFile; fileRef = 9B9E86E12385B6AE00102C3B /* S2.jpg */; };
		9B9E86F32385B6B000102C3B /* ST3.jpeg in Resources */ = {isa = PBXBuildFile; fileRef = 9B9E86E22385B6AE00102C3B /* ST3.jpeg */; };
		9B9E86F42385B6B000102C3B /* C3.jpg in Resources */ = {isa = PBXBuildFile; fileRef = 9B9E86E32385B6AE00102C3B /* C3.jpg */; };
		9B9E86F52385B6B000102C3B /* C4.jpg in Resources */ = {isa = PBXBuildFile; fileRef = 9B9E86E42385B6AE00102C3B /* C4.jpg */; };
		9B9E86F62385B6B000102C3B /* S3.jpg in Resources */ = {isa = PBXBuildFile; fileRef = 9B9E86E52385B6AF00102C3B /* S3.jpg */; };
		9B9E86F72385B6B000102C3B /* D1.jpg in Resources */ = {isa = PBXBuildFile; fileRef = 9B9E86E62385B6AF00102C3B /* D1.jpg */; };
		9B9E86F82385B6B000102C3B /* C2.jpg in Resources */ = {isa = PBXBuildFile; fileRef = 9B9E86E72385B6AF00102C3B /* C2.jpg */; };
		9B9E86F92385B6B000102C3B /* S4.jpg in Resources */ = {isa = PBXBuildFile; fileRef = 9B9E86E82385B6AF00102C3B /* S4.jpg */; };
		9B9E86FA2385B6B000102C3B /* D2.jpg in Resources */ = {isa = PBXBuildFile; fileRef = 9B9E86E92385B6AF00102C3B /* D2.jpg */; };
		9B9E86FB2385B6B000102C3B /* C1.jpg in Resources */ = {isa = PBXBuildFile; fileRef = 9B9E86EA2385B6AF00102C3B /* C1.jpg */; };
		9B9E86FC2385B6B000102C3B /* ST.jpg in Resources */ = {isa = PBXBuildFile; fileRef = 9B9E86EB2385B6AF00102C3B /* ST.jpg */; };
		9B9E86FD2385B6B000102C3B /* ST4.jpg in Resources */ = {isa = PBXBuildFile; fileRef = 9B9E86EC2385B6AF00102C3B /* ST4.jpg */; };
		9B9E86FE2385B6B000102C3B /* D4.jpeg in Resources */ = {isa = PBXBuildFile; fileRef = 9B9E86ED2385B6AF00102C3B /* D4.jpeg */; };
		9B9E87002385C12500102C3B /* RoomDetailViewController.swift in Sources */ = {isa = PBXBuildFile; fileRef = 9B9E86FF2385C12500102C3B /* RoomDetailViewController.swift */; };
		9B9E87022385C67F00102C3B /* back.jpg in Resources */ = {isa = PBXBuildFile; fileRef = 9B9E87012385C67F00102C3B /* back.jpg */; };
		9BA8E6962384B1A4005B4D6B /* RoomTypeTableViewController.swift in Sources */ = {isa = PBXBuildFile; fileRef = 9BA8E6952384B1A4005B4D6B /* RoomTypeTableViewController.swift */; };
		9BA8E6982384B306005B4D6B /* roomstructure.swift in Sources */ = {isa = PBXBuildFile; fileRef = 9BA8E6972384B306005B4D6B /* roomstructure.swift */; };
/* End PBXBuildFile section */

/* Begin PBXFileReference section */
		9B02252C2384587700694AAF /* Users.swift */ = {isa = PBXFileReference; lastKnownFileType = sourcecode.swift; path = Users.swift; sourceTree = "<group>"; };
		9B56B65A238323F7002AED67 /* GroupGiosProject.app */ = {isa = PBXFileReference; explicitFileType = wrapper.application; includeInIndex = 0; path = GroupGiosProject.app; sourceTree = BUILT_PRODUCTS_DIR; };
		9B56B65D238323F7002AED67 /* AppDelegate.swift */ = {isa = PBXFileReference; lastKnownFileType = sourcecode.swift; path = AppDelegate.swift; sourceTree = "<group>"; };
		9B56B65F238323F7002AED67 /* SceneDelegate.swift */ = {isa = PBXFileReference; lastKnownFileType = sourcecode.swift; path = SceneDelegate.swift; sourceTree = "<group>"; };
		9B56B661238323F7002AED67 /* ViewController.swift */ = {isa = PBXFileReference; lastKnownFileType = sourcecode.swift; path = ViewController.swift; sourceTree = "<group>"; };
		9B56B664238323F7002AED67 /* Base */ = {isa = PBXFileReference; lastKnownFileType = file.storyboard; name = Base; path = Base.lproj/Main.storyboard; sourceTree = "<group>"; };
		9B56B666238323F7002AED67 /* Assets.xcassets */ = {isa = PBXFileReference; lastKnownFileType = folder.assetcatalog; path = Assets.xcassets; sourceTree = "<group>"; };
		9B56B669238323F7002AED67 /* Base */ = {isa = PBXFileReference; lastKnownFileType = file.storyboard; name = Base; path = Base.lproj/LaunchScreen.storyboard; sourceTree = "<group>"; };
		9B56B66B238323F7002AED67 /* Info.plist */ = {isa = PBXFileReference; lastKnownFileType = text.plist.xml; path = Info.plist; sourceTree = "<group>"; };
		9B56B67123832875002AED67 /* background.jpg */ = {isa = PBXFileReference; lastKnownFileType = image.jpeg; path = background.jpg; sourceTree = "<group>"; };
		9B56B67523832F8A002AED67 /* logo.jpg */ = {isa = PBXFileReference; lastKnownFileType = image.jpeg; path = logo.jpg; sourceTree = "<group>"; };
		9B88DC4523834CB000B34B3E /* RegisterViewController.swift */ = {isa = PBXFileReference; lastKnownFileType = sourcecode.swift; path = RegisterViewController.swift; sourceTree = "<group>"; };
		9B9E86D4238597C100102C3B /* PictureViewController.swift */ = {isa = PBXFileReference; lastKnownFileType = sourcecode.swift; path = PictureViewController.swift; sourceTree = "<group>"; };
		9B9E86DA2385A62000102C3B /* Picture.swift */ = {isa = PBXFileReference; lastKnownFileType = sourcecode.swift; path = Picture.swift; sourceTree = "<group>"; };
		9B9E86DD2385B6AE00102C3B /* ST2.jpg */ = {isa = PBXFileReference; lastKnownFileType = image.jpeg; path = ST2.jpg; sourceTree = "<group>"; };
		9B9E86DE2385B6AE00102C3B /* D3.jpg */ = {isa = PBXFileReference; lastKnownFileType = image.jpeg; path = D3.jpg; sourceTree = "<group>"; };
		9B9E86DF2385B6AE00102C3B /* S1.jpeg */ = {isa = PBXFileReference; lastKnownFileType = image.jpeg; path = S1.jpeg; sourceTree = "<group>"; };
		9B9E86E02385B6AE00102C3B /* tick.png */ = {isa = PBXFileReference; lastKnownFileType = image.png; path = tick.png; sourceTree = "<group>"; };
		9B9E86E12385B6AE00102C3B /* S2.jpg */ = {isa = PBXFileReference; lastKnownFileType = image.jpeg; path = S2.jpg; sourceTree = "<group>"; };
		9B9E86E22385B6AE00102C3B /* ST3.jpeg */ = {isa = PBXFileReference; lastKnownFileType = image.jpeg; path = ST3.jpeg; sourceTree = "<group>"; };
		9B9E86E32385B6AE00102C3B /* C3.jpg */ = {isa = PBXFileReference; lastKnownFileType = image.jpeg; path = C3.jpg; sourceTree = "<group>"; };
		9B9E86E42385B6AE00102C3B /* C4.jpg */ = {isa = PBXFileReference; lastKnownFileType = image.jpeg; path = C4.jpg; sourceTree = "<group>"; };
		9B9E86E52385B6AF00102C3B /* S3.jpg */ = {isa = PBXFileReference; lastKnownFileType = image.jpeg; path = S3.jpg; sourceTree = "<group>"; };
		9B9E86E62385B6AF00102C3B /* D1.jpg */ = {isa = PBXFileReference; lastKnownFileType = image.jpeg; path = D1.jpg; sourceTree = "<group>"; };
		9B9E86E72385B6AF00102C3B /* C2.jpg */ = {isa = PBXFileReference; lastKnownFileType = image.jpeg; path = C2.jpg; sourceTree = "<group>"; };
		9B9E86E82385B6AF00102C3B /* S4.jpg */ = {isa = PBXFileReference; lastKnownFileType = image.jpeg; path = S4.jpg; sourceTree = "<group>"; };
		9B9E86E92385B6AF00102C3B /* D2.jpg */ = {isa = PBXFileReference; lastKnownFileType = image.jpeg; path = D2.jpg; sourceTree = "<group>"; };
		9B9E86EA2385B6AF00102C3B /* C1.jpg */ = {isa = PBXFileReference; lastKnownFileType = image.jpeg; path = C1.jpg; sourceTree = "<group>"; };
		9B9E86EB2385B6AF00102C3B /* ST.jpg */ = {isa = PBXFileReference; lastKnownFileType = image.jpeg; path = ST.jpg; sourceTree = "<group>"; };
		9B9E86EC2385B6AF00102C3B /* ST4.jpg */ = {isa = PBXFileReference; lastKnownFileType = image.jpeg; path = ST4.jpg; sourceTree = "<group>"; };
		9B9E86ED2385B6AF00102C3B /* D4.jpeg */ = {isa = PBXFileReference; lastKnownFileType = image.jpeg; path = D4.jpeg; sourceTree = "<group>"; };
		9B9E86FF2385C12500102C3B /* RoomDetailViewController.swift */ = {isa = PBXFileReference; lastKnownFileType = sourcecode.swift; path = RoomDetailViewController.swift; sourceTree = "<group>"; };
		9B9E87012385C67F00102C3B /* back.jpg */ = {isa = PBXFileReference; lastKnownFileType = image.jpeg; path = back.jpg; sourceTree = "<group>"; };
		9BA8E6952384B1A4005B4D6B /* RoomTypeTableViewController.swift */ = {isa = PBXFileReference; lastKnownFileType = sourcecode.swift; path = RoomTypeTableViewController.swift; sourceTree = "<group>"; };
		9BA8E6972384B306005B4D6B /* roomstructure.swift */ = {isa = PBXFileReference; lastKnownFileType = sourcecode.swift; path = roomstructure.swift; sourceTree = "<group>"; };
/* End PBXFileReference section */

/* Begin PBXFrameworksBuildPhase section */
		9B56B657238323F7002AED67 /* Frameworks */ = {
			isa = PBXFrameworksBuildPhase;
			buildActionMask = 2147483647;
			files = (
			);
			runOnlyForDeploymentPostprocessing = 0;
		};
/* End PBXFrameworksBuildPhase section */

/* Begin PBXGroup section */
		9B56B651238323F7002AED67 = {
			isa = PBXGroup;
			children = (
				9B56B65C238323F7002AED67 /* GroupGiosProject */,
				9B56B65B238323F7002AED67 /* Products */,
			);
			sourceTree = "<group>";
		};
		9B56B65B238323F7002AED67 /* Products */ = {
			isa = PBXGroup;
			children = (
				9B56B65A238323F7002AED67 /* GroupGiosProject.app */,
			);
			name = Products;
			sourceTree = "<group>";
		};
		9B56B65C238323F7002AED67 /* GroupGiosProject */ = {
			isa = PBXGroup;
			children = (
				9B9E86DC2385B69E00102C3B /* New Group */,
				9B56B67523832F8A002AED67 /* logo.jpg */,
				9B56B67123832875002AED67 /* background.jpg */,
				9B56B65D238323F7002AED67 /* AppDelegate.swift */,
				9B56B65F238323F7002AED67 /* SceneDelegate.swift */,
				9B56B661238323F7002AED67 /* ViewController.swift */,
				9B88DC4523834CB000B34B3E /* RegisterViewController.swift */,
				9B02252C2384587700694AAF /* Users.swift */,
				9B56B663238323F7002AED67 /* Main.storyboard */,
				9B56B666238323F7002AED67 /* Assets.xcassets */,
				9B56B668238323F7002AED67 /* LaunchScreen.storyboard */,
				9B56B66B238323F7002AED67 /* Info.plist */,
				9BA8E6952384B1A4005B4D6B /* RoomTypeTableViewController.swift */,
				9B9E86FF2385C12500102C3B /* RoomDetailViewController.swift */,
				9B9E86D4238597C100102C3B /* PictureViewController.swift */,
				9BA8E6972384B306005B4D6B /* roomstructure.swift */,
				9B9E86DA2385A62000102C3B /* Picture.swift */,
			);
			path = GroupGiosProject;
			sourceTree = "<group>";
		};
		9B9E86DC2385B69E00102C3B /* New Group */ = {
			isa = PBXGroup;
			children = (
				9B9E87012385C67F00102C3B /* back.jpg */,
				9B9E86EA2385B6AF00102C3B /* C1.jpg */,
				9B9E86E72385B6AF00102C3B /* C2.jpg */,
				9B9E86E32385B6AE00102C3B /* C3.jpg */,
				9B9E86E42385B6AE00102C3B /* C4.jpg */,
				9B9E86E62385B6AF00102C3B /* D1.jpg */,
				9B9E86E92385B6AF00102C3B /* D2.jpg */,
				9B9E86DE2385B6AE00102C3B /* D3.jpg */,
				9B9E86ED2385B6AF00102C3B /* D4.jpeg */,
				9B9E86DF2385B6AE00102C3B /* S1.jpeg */,
				9B9E86E12385B6AE00102C3B /* S2.jpg */,
				9B9E86E52385B6AF00102C3B /* S3.jpg */,
				9B9E86E82385B6AF00102C3B /* S4.jpg */,
				9B9E86EB2385B6AF00102C3B /* ST.jpg */,
				9B9E86DD2385B6AE00102C3B /* ST2.jpg */,
				9B9E86E22385B6AE00102C3B /* ST3.jpeg */,
				9B9E86EC2385B6AF00102C3B /* ST4.jpg */,
				9B9E86E02385B6AE00102C3B /* tick.png */,
			);
			path = "New Group";
			sourceTree = "<group>";
		};
/* End PBXGroup section */

/* Begin PBXNativeTarget section */
		9B56B659238323F7002AED67 /* GroupGiosProject */ = {
			isa = PBXNativeTarget;
			buildConfigurationList = 9B56B66E238323F7002AED67 /* Build configuration list for PBXNativeTarget "GroupGiosProject" */;
			buildPhases = (
				9B56B656238323F7002AED67 /* Sources */,
				9B56B657238323F7002AED67 /* Frameworks */,
				9B56B658238323F7002AED67 /* Resources */,
			);
			buildRules = (
			);
			dependencies = (
			);
			name = GroupGiosProject;
			productName = GroupGiosProject;
			productReference = 9B56B65A238323F7002AED67 /* GroupGiosProject.app */;
			productType = "com.apple.product-type.application";
		};
/* End PBXNativeTarget section */

/* Begin PBXProject section */
		9B56B652238323F7002AED67 /* Project object */ = {
			isa = PBXProject;
			attributes = {
				LastSwiftUpdateCheck = 1120;
				LastUpgradeCheck = 1120;
				ORGANIZATIONNAME = MacStudent;
				TargetAttributes = {
					9B56B659238323F7002AED67 = {
						CreatedOnToolsVersion = 11.2;
					};
				};
			};
			buildConfigurationList = 9B56B655238323F7002AED67 /* Build configuration list for PBXProject "GroupGiosProject" */;
			compatibilityVersion = "Xcode 9.3";
			developmentRegion = en;
			hasScannedForEncodings = 0;
			knownRegions = (
				en,
				Base,
			);
			mainGroup = 9B56B651238323F7002AED67;
			productRefGroup = 9B56B65B238323F7002AED67 /* Products */;
			projectDirPath = "";
			projectRoot = "";
			targets = (
				9B56B659238323F7002AED67 /* GroupGiosProject */,
			);
		};
/* End PBXProject section */

/* Begin PBXResourcesBuildPhase section */
		9B56B658238323F7002AED67 /* Resources */ = {
			isa = PBXResourcesBuildPhase;
			buildActionMask = 2147483647;
			files = (
				9B9E86F42385B6B000102C3B /* C3.jpg in Resources */,
				9B56B66A238323F7002AED67 /* LaunchScreen.storyboard in Resources */,
				9B9E86FE2385B6B000102C3B /* D4.jpeg in Resources */,
				9B56B67623832F8B002AED67 /* logo.jpg in Resources */,
				9B9E86F02385B6B000102C3B /* S1.jpeg in Resources */,
				9B9E86FD2385B6B000102C3B /* ST4.jpg in Resources */,
				9B9E86FB2385B6B000102C3B /* C1.jpg in Resources */,
				9B9E86F62385B6B000102C3B /* S3.jpg in Resources */,
				9B56B67223832875002AED67 /* background.jpg in Resources */,
				9B9E87022385C67F00102C3B /* back.jpg in Resources */,
				9B9E86F52385B6B000102C3B /* C4.jpg in Resources */,
				9B9E86F82385B6B000102C3B /* C2.jpg in Resources */,
				9B9E86EF2385B6B000102C3B /* D3.jpg in Resources */,
				9B9E86F92385B6B000102C3B /* S4.jpg in Resources */,
				9B9E86F32385B6B000102C3B /* ST3.jpeg in Resources */,
				9B9E86F72385B6B000102C3B /* D1.jpg in Resources */,
				9B9E86F12385B6B000102C3B /* tick.png in Resources */,
				9B9E86FA2385B6B000102C3B /* D2.jpg in Resources */,
				9B9E86F22385B6B000102C3B /* S2.jpg in Resources */,
				9B9E86EE2385B6B000102C3B /* ST2.jpg in Resources */,
				9B56B667238323F7002AED67 /* Assets.xcassets in Resources */,
				9B56B665238323F7002AED67 /* Main.storyboard in Resources */,
				9B9E86FC2385B6B000102C3B /* ST.jpg in Resources */,
			);
			runOnlyForDeploymentPostprocessing = 0;
		};
/* End PBXResourcesBuildPhase section */

/* Begin PBXSourcesBuildPhase section */
		9B56B656238323F7002AED67 /* Sources */ = {
			isa = PBXSourcesBuildPhase;
			buildActionMask = 2147483647;
			files = (
				9B9E86DB2385A62000102C3B /* Picture.swift in Sources */,
				9B56B662238323F7002AED67 /* ViewController.swift in Sources */,
				9B9E86D5238597C100102C3B /* PictureViewController.swift in Sources */,
				9B56B65E238323F7002AED67 /* AppDelegate.swift in Sources */,
				9BA8E6982384B306005B4D6B /* roomstructure.swift in Sources */,
				9B02252D2384587700694AAF /* Users.swift in Sources */,
				9B56B660238323F7002AED67 /* SceneDelegate.swift in Sources */,
				9BA8E6962384B1A4005B4D6B /* RoomTypeTableViewController.swift in Sources */,
				9B9E87002385C12500102C3B /* RoomDetailViewController.swift in Sources */,
				9B88DC4623834CB000B34B3E /* RegisterViewController.swift in Sources */,
			);
			runOnlyForDeploymentPostprocessing = 0;
		};
/* End PBXSourcesBuildPhase section */

/* Begin PBXVariantGroup section */
		9B56B663238323F7002AED67 /* Main.storyboard */ = {
			isa = PBXVariantGroup;
			children = (
				9B56B664238323F7002AED67 /* Base */,
			);
			name = Main.storyboard;
			sourceTree = "<group>";
		};
		9B56B668238323F7002AED67 /* LaunchScreen.storyboard */ = {
			isa = PBXVariantGroup;
			children = (
				9B56B669238323F7002AED67 /* Base */,
			);
			name = LaunchScreen.storyboard;
			sourceTree = "<group>";
		};
/* End PBXVariantGroup section */

/* Begin XCBuildConfiguration section */
		9B56B66C238323F7002AED67 /* Debug */ = {
			isa = XCBuildConfiguration;
			buildSettings = {
				ALWAYS_SEARCH_USER_PATHS = NO;
				CLANG_ANALYZER_NONNULL = YES;
				CLANG_ANALYZER_NUMBER_OBJECT_CONVERSION = YES_AGGRESSIVE;
				CLANG_CXX_LANGUAGE_STANDARD = "gnu++14";
				CLANG_CXX_LIBRARY = "libc++";
				CLANG_ENABLE_MODULES = YES;
				CLANG_ENABLE_OBJC_ARC = YES;
				CLANG_ENABLE_OBJC_WEAK = YES;
				CLANG_WARN_BLOCK_CAPTURE_AUTORELEASING = YES;
				CLANG_WARN_BOOL_CONVERSION = YES;
				CLANG_WARN_COMMA = YES;
				CLANG_WARN_CONSTANT_CONVERSION = YES;
				CLANG_WARN_DEPRECATED_OBJC_IMPLEMENTATIONS = YES;
				CLANG_WARN_DIRECT_OBJC_ISA_USAGE = YES_ERROR;
				CLANG_WARN_DOCUMENTATION_COMMENTS = YES;
				CLANG_WARN_EMPTY_BODY = YES;
				CLANG_WARN_ENUM_CONVERSION = YES;
				CLANG_WARN_INFINITE_RECURSION = YES;
				CLANG_WARN_INT_CONVERSION = YES;
				CLANG_WARN_NON_LITERAL_NULL_CONVERSION = YES;
				CLANG_WARN_OBJC_IMPLICIT_RETAIN_SELF = YES;
				CLANG_WARN_OBJC_LITERAL_CONVERSION = YES;
				CLANG_WARN_OBJC_ROOT_CLASS = YES_ERROR;
				CLANG_WARN_RANGE_LOOP_ANALYSIS = YES;
				CLANG_WARN_STRICT_PROTOTYPES = YES;
				CLANG_WARN_SUSPICIOUS_MOVE = YES;
				CLANG_WARN_UNGUARDED_AVAILABILITY = YES_AGGRESSIVE;
				CLANG_WARN_UNREACHABLE_CODE = YES;
				CLANG_WARN__DUPLICATE_METHOD_MATCH = YES;
				COPY_PHASE_STRIP = NO;
				DEBUG_INFORMATION_FORMAT = dwarf;
				ENABLE_STRICT_OBJC_MSGSEND = YES;
				ENABLE_TESTABILITY = YES;
				GCC_C_LANGUAGE_STANDARD = gnu11;
				GCC_DYNAMIC_NO_PIC = NO;
				GCC_NO_COMMON_BLOCKS = YES;
				GCC_OPTIMIZATION_LEVEL = 0;
				GCC_PREPROCESSOR_DEFINITIONS = (
					"DEBUG=1",
					"$(inherited)",
				);
				GCC_WARN_64_TO_32_BIT_CONVERSION = YES;
				GCC_WARN_ABOUT_RETURN_TYPE = YES_ERROR;
				GCC_WARN_UNDECLARED_SELECTOR = YES;
				GCC_WARN_UNINITIALIZED_AUTOS = YES_AGGRESSIVE;
				GCC_WARN_UNUSED_FUNCTION = YES;
				GCC_WARN_UNUSED_VARIABLE = YES;
				IPHONEOS_DEPLOYMENT_TARGET = 13.2;
				MTL_ENABLE_DEBUG_INFO = INCLUDE_SOURCE;
				MTL_FAST_MATH = YES;
				ONLY_ACTIVE_ARCH = YES;
				SDKROOT = iphoneos;
				SWIFT_ACTIVE_COMPILATION_CONDITIONS = DEBUG;
				SWIFT_OPTIMIZATION_LEVEL = "-Onone";
			};
			name = Debug;
		};
		9B56B66D238323F7002AED67 /* Release */ = {
			isa = XCBuildConfiguration;
			buildSettings = {
				ALWAYS_SEARCH_USER_PATHS = NO;
				CLANG_ANALYZER_NONNULL = YES;
				CLANG_ANALYZER_NUMBER_OBJECT_CONVERSION = YES_AGGRESSIVE;
				CLANG_CXX_LANGUAGE_STANDARD = "gnu++14";
				CLANG_CXX_LIBRARY = "libc++";
				CLANG_ENABLE_MODULES = YES;
				CLANG_ENABLE_OBJC_ARC = YES;
				CLANG_ENABLE_OBJC_WEAK = YES;
				CLANG_WARN_BLOCK_CAPTURE_AUTORELEASING = YES;
				CLANG_WARN_BOOL_CONVERSION = YES;
				CLANG_WARN_COMMA = YES;
				CLANG_WARN_CONSTANT_CONVERSION = YES;
				CLANG_WARN_DEPRECATED_OBJC_IMPLEMENTATIONS = YES;
				CLANG_WARN_DIRECT_OBJC_ISA_USAGE = YES_ERROR;
				CLANG_WARN_DOCUMENTATION_COMMENTS = YES;
				CLANG_WARN_EMPTY_BODY = YES;
				CLANG_WARN_ENUM_CONVERSION = YES;
				CLANG_WARN_INFINITE_RECURSION = YES;
				CLANG_WARN_INT_CONVERSION = YES;
				CLANG_WARN_NON_LITERAL_NULL_CONVERSION = YES;
				CLANG_WARN_OBJC_IMPLICIT_RETAIN_SELF = YES;
				CLANG_WARN_OBJC_LITERAL_CONVERSION = YES;
				CLANG_WARN_OBJC_ROOT_CLASS = YES_ERROR;
				CLANG_WARN_RANGE_LOOP_ANALYSIS = YES;
				CLANG_WARN_STRICT_PROTOTYPES = YES;
				CLANG_WARN_SUSPICIOUS_MOVE = YES;
				CLANG_WARN_UNGUARDED_AVAILABILITY = YES_AGGRESSIVE;
				CLANG_WARN_UNREACHABLE_CODE = YES;
				CLANG_WARN__DUPLICATE_METHOD_MATCH = YES;
				COPY_PHASE_STRIP = NO;
				DEBUG_INFORMATION_FORMAT = "dwarf-with-dsym";
				ENABLE_NS_ASSERTIONS = NO;
				ENABLE_STRICT_OBJC_MSGSEND = YES;
				GCC_C_LANGUAGE_STANDARD = gnu11;
				GCC_NO_COMMON_BLOCKS = YES;
				GCC_WARN_64_TO_32_BIT_CONVERSION = YES;
				GCC_WARN_ABOUT_RETURN_TYPE = YES_ERROR;
				GCC_WARN_UNDECLARED_SELECTOR = YES;
				GCC_WARN_UNINITIALIZED_AUTOS = YES_AGGRESSIVE;
				GCC_WARN_UNUSED_FUNCTION = YES;
				GCC_WARN_UNUSED_VARIABLE = YES;
				IPHONEOS_DEPLOYMENT_TARGET = 13.2;
				MTL_ENABLE_DEBUG_INFO = NO;
				MTL_FAST_MATH = YES;
				SDKROOT = iphoneos;
				SWIFT_COMPILATION_MODE = wholemodule;
				SWIFT_OPTIMIZATION_LEVEL = "-O";
				VALIDATE_PRODUCT = YES;
			};
			name = Release;
		};
		9B56B66F238323F7002AED67 /* Debug */ = {
			isa = XCBuildConfiguration;
			buildSettings = {
				ASSETCATALOG_COMPILER_APPICON_NAME = AppIcon;
				CODE_SIGN_STYLE = Automatic;
				INFOPLIST_FILE = GroupGiosProject/Info.plist;
				LD_RUNPATH_SEARCH_PATHS = (
					"$(inherited)",
					"@executable_path/Frameworks",
				);
				PRODUCT_BUNDLE_IDENTIFIER = CestarCollege.GroupGiosProject;
				PRODUCT_NAME = "$(TARGET_NAME)";
				SWIFT_VERSION = 5.0;
				TARGETED_DEVICE_FAMILY = "1,2";
			};
			name = Debug;
		};
		9B56B670238323F7002AED67 /* Release */ = {
			isa = XCBuildConfiguration;
			buildSettings = {
				ASSETCATALOG_COMPILER_APPICON_NAME = AppIcon;
				CODE_SIGN_STYLE = Automatic;
				INFOPLIST_FILE = GroupGiosProject/Info.plist;
				LD_RUNPATH_SEARCH_PATHS = (
					"$(inherited)",
					"@executable_path/Frameworks",
				);
				PRODUCT_BUNDLE_IDENTIFIER = CestarCollege.GroupGiosProject;
				PRODUCT_NAME = "$(TARGET_NAME)";
				SWIFT_VERSION = 5.0;
				TARGETED_DEVICE_FAMILY = "1,2";
			};
			name = Release;
		};
/* End XCBuildConfiguration section */

/* Begin XCConfigurationList section */
		9B56B655238323F7002AED67 /* Build configuration list for PBXProject "GroupGiosProject" */ = {
			isa = XCConfigurationList;
			buildConfigurations = (
				9B56B66C238323F7002AED67 /* Debug */,
				9B56B66D238323F7002AED67 /* Release */,
			);
			defaultConfigurationIsVisible = 0;
			defaultConfigurationName = Release;
		};
		9B56B66E238323F7002AED67 /* Build configuration list for PBXNativeTarget "GroupGiosProject" */ = {
			isa = XCConfigurationList;
			buildConfigurations = (
				9B56B66F238323F7002AED67 /* Debug */,
				9B56B670238323F7002AED67 /* Release */,
			);
			defaultConfigurationIsVisible = 0;
			defaultConfigurationName = Release;
		};
/* End XCConfigurationList section */
	};
	rootObject = 9B56B652238323F7002AED67 /* Project object */;
}
